
Microsoft Visual Studio Solution File, Format Version 12.00
# Visual Studio 15
VisualStudioVersion = 15.0.28307.779
MinimumVisualStudioVersion = 10.0.40219.1
Project("{8BC9CEB8-8B4A-11D0-8D11-00A0C91BC942}") = "XRenderer", "XRenderer.vcxproj", "{8BC3A694-377C-40B6-8700-072CF62D57FD}"
EndProject
Global
	GlobalSection(SolutionConfigurationPlatforms) = preSolution
		Debug|x64 = Debug|x64
		Debug|x86 = Debug|x86
		Release|x64 = Release|x64
		Release|x86 = Release|x86
	EndGlobalSection
	GlobalSection(ProjectConfigurationPlatforms) = postSolution
		{8BC3A694-377C-40B6-8700-072CF62D57FD}.Debug|x64.ActiveCfg = Debug|x64
		{8BC3A694-377C-40B6-8700-072CF62D57FD}.Debug|x64.Build.0 = Debug|x64
		{8BC3A694-377C-40B6-8700-072CF62D57FD}.Debug|x86.ActiveCfg = Debug|Win32
		{8BC3A694-377C-40B6-8700-072CF62D57FD}.Debug|x86.Build.0 = Debug|Win32
		{8BC3A694-377C-40B6-8700-072CF62D57FD}.Release|x64.ActiveCfg = Release|x64
		{8BC3A694-377C-40B6-8700-072CF62D57FD}.Release|x64.Build.0 = Release|x64
		{8BC3A694-377C-40B6-8700-072CF62D57FD}.Release|x86.ActiveCfg = Release|Win32
		{8BC3A694-377C-40B6-8700-072CF62D57FD}.Release|x86.Build.0 = Release|Win32
	EndGlobalSection
	GlobalSection(SolutionProperties) = preSolution
		HideSolutionNode = FALSE
	EndGlobalSection
	GlobalSection(ExtensibilityGlobals) = postSolution
		SolutionGuid = {5851C918-9804-4D1A-A90A-420A46210CF7}
	EndGlobalSection
EndGlobal
